github.com/go-rod/rod v0.101.8 h1:oV0O97uwjkCVyAP0hD6K6bBE8FUMIjs0dtF7l6kEBsU=
github.com/go-rod/rod v0.101.8/go.mod h1:N/zlT53CfSpq74nb6rOR0K8UF0SPUPBmzBnArrms+mY=
github.com/go-rod/rod v0.105.0 h1:IyIpc8762E9T1ko76n7dRZrGJAAcnZ9D+emZpHSVilg=
github.com/go-rod/rod v0.105.0/go.mod h1:BocwB31krlkO0k0giYYv43jEi/9YmJPqcSBmotZUThw=
github.com/ysmood/goob v0.3.0 h1:XZ51cZJ4W3WCoCiUktixzMIQF86W7G5VFL4QQ/Q2uS0=
github.com/ysmood/goob v0.3.0/go.mod h1:S3lq113Y91y1UBf1wj1pFOxeahvfKkCk6mTWTWbDdWs=
github.com/ysmood/goob v0.3.1 h1:qMp5364BGS1DLJVrAqUxTF6KOFt0YDot8GC70u/0jbI=
github.com/ysmood/goob v0.3.1/go.mod h1:S3lq113Y91y1UBf1wj1pFOxeahvfKkCk6mTWTWbDdWs=
github.com/ysmood/got v0.15.1/go.mod h1:pE1l4LOwOBhQg6A/8IAatkGp7uZjnalzrZolnlhhMgY=
github.com/ysmood/got v0.23.0/go.mod h1:pE1l4LOwOBhQg6A/8IAatkGp7uZjnalzrZolnlhhMgY=
github.com/ysmood/gotrace v0.2.2/go.mod h1:TzhIG7nHDry5//eYZDYcTzuJLYQIkykJzCRIo4/dzQM=
github.com/ysmood/gotrace v0.6.0/go.mod h1:TzhIG7nHDry5//eYZDYcTzuJLYQIkykJzCRIo4/dzQM=
github.com/ysmood/gson v0.6.4/go.mod h1:3Kzs5zDl21g5F/BlLTNcuAGAYLKt2lV5G8D1zF3RNmg=
github.com/ysmood/gson v0.7.0 h1:oQhY2FQtfy3+bgaNeqopd7NGAB6Me+UpG0n7oO4VDko=
github.com/ysmood/gson v0.7.0/go.mod h1:3Kzs5zDl21g5F/BlLTNcuAGAYLKt2lV5G8D1zF3RNmg=
github.com/ysmood/gson v0.7.1 h1:zKL2MTGtynxdBdlZjyGsvEOZ7dkxaY5TH6QhAbTgz0Q=
github.com/ysmood/gson v0.7.1/go.mod h1:3Kzs5zDl21g5F/BlLTNcuAGAYLKt2lV5G8D1zF3RNmg=
github.com/ysmood/leakless v0.7.0 h1:XCGdaPExyoreoQd+H5qgxM3ReNbSPFsEXpSKwbXbwQw=
github.com/ysmood/leakless v0.7.0/go.mod h1:R8iAXPRaG97QJwqxs74RdwzcRHT1SWCGTNqY8q0JvMQ=
